PODS:
  - MaterialComponents/AnimationTiming (118.2.0)
  - MaterialComponents/Availability (118.2.0)
  - MaterialComponents/private/Color (118.2.0):
    - MaterialComponents/Availability
  - MaterialComponents/private/Math (118.2.0)
  - MaterialComponents/Ripple (118.2.0):
    - MaterialComponents/AnimationTiming
    - MaterialComponents/Availability
    - MaterialComponents/private/Color
    - MaterialComponents/private/Math
  - "MaterialComponents/Tabs+TabBarView (118.2.0)":
    - MaterialComponents/AnimationTiming
    - MaterialComponents/private/Math
    - MaterialComponents/Ripple
    - MDFInternationalization
  - MDFInternationalization (2.0.0)

DEPENDENCIES:
  - "MaterialComponents/Tabs+TabBarView"

SPEC REPOS:
  trunk:
    - MaterialComponents
    - MDFInternationalization

SPEC CHECKSUMS:
  MaterialComponents: fc3dba46cf3ae8495728a875778b47d0c6ec7ed5
  MDFInternationalization: 010097556d6b09d2c4ea38e0820ea6d37be6a314

PODFILE CHECKSUM: da5c0f61d1bd65379dcc04891c72977bbb2afd71

COCOAPODS: 1.12.1
