// !$*UTF8*$!
{
	archiveVersion = 1;
	classes = {
	};
	objectVersion = 51;
	objects = {

/* Begin PBXBuildFile section */
		97C2455B573936D8615CFC02 /* Pods_SimplePOS.framework in Frameworks */ = {isa = PBXBuildFile; fileRef = 7D390670836B4F793298A75E /* Pods_SimplePOS.framework */; };
		9B064B80254C1A15009A89E5 /* AppDelegate.swift in Sources */ = {isa = PBXBuildFile; fileRef = 9B064B7F254C1A15009A89E5 /* AppDelegate.swift */; };
		9B064B82254C1A15009A89E5 /* SceneDelegate.swift in Sources */ = {isa = PBXBuildFile; fileRef = 9B064B81254C1A15009A89E5 /* SceneDelegate.swift */; };
		9B064B84254C1A15009A89E5 /* HomeMasterDetailController.swift in Sources */ = {isa = PBXBuildFile; fileRef = 9B064B83254C1A15009A89E5 /* HomeMasterDetailController.swift */; };
		9B064B87254C1A15009A89E5 /* Main.storyboard in Resources */ = {isa = PBXBuildFile; fileRef = 9B064B85254C1A15009A89E5 /* Main.storyboard */; };
		9B064B89254C1A16009A89E5 /* Assets.xcassets in Resources */ = {isa = PBXBuildFile; fileRef = 9B064B88254C1A16009A89E5 /* Assets.xcassets */; };
		9B064B8C254C1A16009A89E5 /* LaunchScreen.storyboard in Resources */ = {isa = PBXBuildFile; fileRef = 9B064B8A254C1A16009A89E5 /* LaunchScreen.storyboard */; };
		9B064B97254C1A16009A89E5 /* SimplePOSTests.swift in Sources */ = {isa = PBXBuildFile; fileRef = 9B064B96254C1A16009A89E5 /* SimplePOSTests.swift */; };
		9B064BA2254C1A16009A89E5 /* SimplePOSUITests.swift in Sources */ = {isa = PBXBuildFile; fileRef = 9B064BA1254C1A16009A89E5 /* SimplePOSUITests.swift */; };
		9B064BB1254C1AB1009A89E5 /* MasterViewController.swift in Sources */ = {isa = PBXBuildFile; fileRef = 9B064BAF254C1AB1009A89E5 /* MasterViewController.swift */; };
		9B064BB2254C1AB1009A89E5 /* MasterViewController.xib in Resources */ = {isa = PBXBuildFile; fileRef = 9B064BB0254C1AB1009A89E5 /* MasterViewController.xib */; };
		9B064BB5254C1AC3009A89E5 /* DetailViewController.swift in Sources */ = {isa = PBXBuildFile; fileRef = 9B064BB3254C1AC3009A89E5 /* DetailViewController.swift */; };
		9B064BB6254C1AC3009A89E5 /* DetailViewController.xib in Resources */ = {isa = PBXBuildFile; fileRef = 9B064BB4254C1AC3009A89E5 /* DetailViewController.xib */; };
		9B0A0A47254FB26B0097F089 /* MasterFooterItemViewCell.swift in Sources */ = {isa = PBXBuildFile; fileRef = 9B0A0A45254FB26B0097F089 /* MasterFooterItemViewCell.swift */; };
		9B0A0A48254FB26B0097F089 /* MasterFooterItemViewCell.xib in Resources */ = {isa = PBXBuildFile; fileRef = 9B0A0A46254FB26B0097F089 /* MasterFooterItemViewCell.xib */; };
		9B160054254D2CA5004804AC /* LoginViewController.swift in Sources */ = {isa = PBXBuildFile; fileRef = 9B160052254D2CA5004804AC /* LoginViewController.swift */; };
		9B160055254D2CA5004804AC /* LoginViewController.xib in Resources */ = {isa = PBXBuildFile; fileRef = 9B160053254D2CA5004804AC /* LoginViewController.xib */; };
		9B8A2387254EF6660048E9BB /* FoodMenus.swift in Sources */ = {isa = PBXBuildFile; fileRef = 9B8A2386254EF6660048E9BB /* FoodMenus.swift */; };
		9B8A2389254EFD890048E9BB /* FoodMenuSelected.swift in Sources */ = {isa = PBXBuildFile; fileRef = 9B8A2388254EFD890048E9BB /* FoodMenuSelected.swift */; };
		9B8A238C254F00560048E9BB /* MasterItemViewCell.swift in Sources */ = {isa = PBXBuildFile; fileRef = 9B8A238A254F00560048E9BB /* MasterItemViewCell.swift */; };
		9B8A238D254F00560048E9BB /* MasterItemViewCell.xib in Resources */ = {isa = PBXBuildFile; fileRef = 9B8A238B254F00560048E9BB /* MasterItemViewCell.xib */; };
		9BB23ECA2AD8FD0E00798346 /* POSDataModel.xcdatamodeld in Sources */ = {isa = PBXBuildFile; fileRef = 9BB23EC82AD8FD0E00798346 /* POSDataModel.xcdatamodeld */; };
		9BFF491A254DB94C003C52C2 /* DetailitemViewCell.swift in Sources */ = {isa = PBXBuildFile; fileRef = 9BFF4918254DB94C003C52C2 /* DetailitemViewCell.swift */; };
		9BFF491B254DB94C003C52C2 /* DetailitemViewCell.xib in Resources */ = {isa = PBXBuildFile; fileRef = 9BFF4919254DB94C003C52C2 /* DetailitemViewCell.xib */; };
		B54F9EF158BED52E4043E645 /* Pods_SimplePOS_SimplePOSUITests.framework in Frameworks */ = {isa = PBXBuildFile; fileRef = 1A7374CF313877A19F9FDE54 /* Pods_SimplePOS_SimplePOSUITests.framework */; };
		C557ACE8AE62CA243D856295 /* Pods_SimplePOSTests.framework in Frameworks */ = {isa = PBXBuildFile; fileRef = CDEBF0A057216E82EAE40CCE /* Pods_SimplePOSTests.framework */; };
/* End PBXBuildFile section */

/* Begin PBXContainerItemProxy section */
		9B064B93254C1A16009A89E5 /* PBXContainerItemProxy */ = {
			isa = PBXContainerItemProxy;
			containerPortal = 9B064B74254C1A15009A89E5 /* Project object */;
			proxyType = 1;
			remoteGlobalIDString = 9B064B7B254C1A15009A89E5;
			remoteInfo = SimplePOS;
		};
		9B064B9E254C1A16009A89E5 /* PBXContainerItemProxy */ = {
			isa = PBXContainerItemProxy;
			containerPortal = 9B064B74254C1A15009A89E5 /* Project object */;
			proxyType = 1;
			remoteGlobalIDString = 9B064B7B254C1A15009A89E5;
			remoteInfo = SimplePOS;
		};
/* End PBXContainerItemProxy section */

/* Begin PBXFileReference section */
		03512AFF04A070F9416BD7AA /* Pods-SimplePOS-SimplePOSUITests.debug.xcconfig */ = {isa = PBXFileReference; includeInIndex = 1; lastKnownFileType = text.xcconfig; name = "Pods-SimplePOS-SimplePOSUITests.debug.xcconfig"; path = "Target Support Files/Pods-SimplePOS-SimplePOSUITests/Pods-SimplePOS-SimplePOSUITests.debug.xcconfig"; sourceTree = "<group>"; };
		1A7374CF313877A19F9FDE54 /* Pods_SimplePOS_SimplePOSUITests.framework */ = {isa = PBXFileReference; explicitFileType = wrapper.framework; includeInIndex = 0; path = Pods_SimplePOS_SimplePOSUITests.framework; sourceTree = BUILT_PRODUCTS_DIR; };
		45A2FD3B4310E8194ED7FB58 /* Pods-SimplePOS.debug.xcconfig */ = {isa = PBXFileReference; includeInIndex = 1; lastKnownFileType = text.xcconfig; name = "Pods-SimplePOS.debug.xcconfig"; path = "Target Support Files/Pods-SimplePOS/Pods-SimplePOS.debug.xcconfig"; sourceTree = "<group>"; };
		63843D98420B0ABF70C22E7B /* Pods-SimplePOSTests.release.xcconfig */ = {isa = PBXFileReference; includeInIndex = 1; lastKnownFileType = text.xcconfig; name = "Pods-SimplePOSTests.release.xcconfig"; path = "Target Support Files/Pods-SimplePOSTests/Pods-SimplePOSTests.release.xcconfig"; sourceTree = "<group>"; };
		7D390670836B4F793298A75E /* Pods_SimplePOS.framework */ = {isa = PBXFileReference; explicitFileType = wrapper.framework; includeInIndex = 0; path = Pods_SimplePOS.framework; sourceTree = BUILT_PRODUCTS_DIR; };
		87495CFA76450E96968F5ED8 /* Pods-SimplePOS-SimplePOSUITests.release.xcconfig */ = {isa = PBXFileReference; includeInIndex = 1; lastKnownFileType = text.xcconfig; name = "Pods-SimplePOS-SimplePOSUITests.release.xcconfig"; path = "Target Support Files/Pods-SimplePOS-SimplePOSUITests/Pods-SimplePOS-SimplePOSUITests.release.xcconfig"; sourceTree = "<group>"; };
		9B064B7C254C1A15009A89E5 /* SimplePOS.app */ = {isa = PBXFileReference; explicitFileType = wrapper.application; includeInIndex = 0; path = SimplePOS.app; sourceTree = BUILT_PRODUCTS_DIR; };
		9B064B7F254C1A15009A89E5 /* AppDelegate.swift */ = {isa = PBXFileReference; lastKnownFileType = sourcecode.swift; path = AppDelegate.swift; sourceTree = "<group>"; };
		9B064B81254C1A15009A89E5 /* SceneDelegate.swift */ = {isa = PBXFileReference; lastKnownFileType = sourcecode.swift; path = SceneDelegate.swift; sourceTree = "<group>"; };
		9B064B83254C1A15009A89E5 /* HomeMasterDetailController.swift */ = {isa = PBXFileReference; lastKnownFileType = sourcecode.swift; path = HomeMasterDetailController.swift; sourceTree = "<group>"; };
		9B064B86254C1A15009A89E5 /* Base */ = {isa = PBXFileReference; lastKnownFileType = file.storyboard; name = Base; path = Base.lproj/Main.storyboard; sourceTree = "<group>"; };
		9B064B88254C1A16009A89E5 /* Assets.xcassets */ = {isa = PBXFileReference; lastKnownFileType = folder.assetcatalog; path = Assets.xcassets; sourceTree = "<group>"; };
		9B064B8B254C1A16009A89E5 /* Base */ = {isa = PBXFileReference; lastKnownFileType = file.storyboard; name = Base; path = Base.lproj/LaunchScreen.storyboard; sourceTree = "<group>"; };
		9B064B8D254C1A16009A89E5 /* Info.plist */ = {isa = PBXFileReference; lastKnownFileType = text.plist.xml; path = Info.plist; sourceTree = "<group>"; };
		9B064B92254C1A16009A89E5 /* SimplePOSTests.xctest */ = {isa = PBXFileReference; explicitFileType = wrapper.cfbundle; includeInIndex = 0; path = SimplePOSTests.xctest; sourceTree = BUILT_PRODUCTS_DIR; };
		9B064B96254C1A16009A89E5 /* SimplePOSTests.swift */ = {isa = PBXFileReference; lastKnownFileType = sourcecode.swift; path = SimplePOSTests.swift; sourceTree = "<group>"; };
		9B064B98254C1A16009A89E5 /* Info.plist */ = {isa = PBXFileReference; lastKnownFileType = text.plist.xml; path = Info.plist; sourceTree = "<group>"; };
		9B064B9D254C1A16009A89E5 /* SimplePOSUITests.xctest */ = {isa = PBXFileReference; explicitFileType = wrapper.cfbundle; includeInIndex = 0; path = SimplePOSUITests.xctest; sourceTree = BUILT_PRODUCTS_DIR; };
		9B064BA1254C1A16009A89E5 /* SimplePOSUITests.swift */ = {isa = PBXFileReference; lastKnownFileType = sourcecode.swift; path = SimplePOSUITests.swift; sourceTree = "<group>"; };
		9B064BA3254C1A16009A89E5 /* Info.plist */ = {isa = PBXFileReference; lastKnownFileType = text.plist.xml; path = Info.plist; sourceTree = "<group>"; };
		9B064BAF254C1AB1009A89E5 /* MasterViewController.swift */ = {isa = PBXFileReference; lastKnownFileType = sourcecode.swift; path = MasterViewController.swift; sourceTree = "<group>"; };
		9B064BB0254C1AB1009A89E5 /* MasterViewController.xib */ = {isa = PBXFileReference; lastKnownFileType = file.xib; path = MasterViewController.xib; sourceTree = "<group>"; };
		9B064BB3254C1AC3009A89E5 /* DetailViewController.swift */ = {isa = PBXFileReference; lastKnownFileType = sourcecode.swift; path = DetailViewController.swift; sourceTree = "<group>"; };
		9B064BB4254C1AC3009A89E5 /* DetailViewController.xib */ = {isa = PBXFileReference; lastKnownFileType = file.xib; path = DetailViewController.xib; sourceTree = "<group>"; };
		9B0A0A45254FB26B0097F089 /* MasterFooterItemViewCell.swift */ = {isa = PBXFileReference; lastKnownFileType = sourcecode.swift; path = MasterFooterItemViewCell.swift; sourceTree = "<group>"; };
		9B0A0A46254FB26B0097F089 /* MasterFooterItemViewCell.xib */ = {isa = PBXFileReference; lastKnownFileType = file.xib; path = MasterFooterItemViewCell.xib; sourceTree = "<group>"; };
		9B160052254D2CA5004804AC /* LoginViewController.swift */ = {isa = PBXFileReference; lastKnownFileType = sourcecode.swift; path = LoginViewController.swift; sourceTree = "<group>"; };
		9B160053254D2CA5004804AC /* LoginViewController.xib */ = {isa = PBXFileReference; lastKnownFileType = file.xib; path = LoginViewController.xib; sourceTree = "<group>"; };
		9B8A2386254EF6660048E9BB /* FoodMenus.swift */ = {isa = PBXFileReference; lastKnownFileType = sourcecode.swift; path = FoodMenus.swift; sourceTree = "<group>"; };
		9B8A2388254EFD890048E9BB /* FoodMenuSelected.swift */ = {isa = PBXFileReference; lastKnownFileType = sourcecode.swift; path = FoodMenuSelected.swift; sourceTree = "<group>"; };
		9B8A238A254F00560048E9BB /* MasterItemViewCell.swift */ = {isa = PBXFileReference; lastKnownFileType = sourcecode.swift; path = MasterItemViewCell.swift; sourceTree = "<group>"; };
		9B8A238B254F00560048E9BB /* MasterItemViewCell.xib */ = {isa = PBXFileReference; lastKnownFileType = file.xib; path = MasterItemViewCell.xib; sourceTree = "<group>"; };
		9BB23EC92AD8FD0E00798346 /* POSDataModel.xcdatamodel */ = {isa = PBXFileReference; lastKnownFileType = wrapper.xcdatamodel; path = POSDataModel.xcdatamodel; sourceTree = "<group>"; };
		9BFF4918254DB94C003C52C2 /* DetailitemViewCell.swift */ = {isa = PBXFileReference; lastKnownFileType = sourcecode.swift; path = DetailitemViewCell.swift; sourceTree = "<group>"; };
		9BFF4919254DB94C003C52C2 /* DetailitemViewCell.xib */ = {isa = PBXFileReference; lastKnownFileType = file.xib; path = DetailitemViewCell.xib; sourceTree = "<group>"; };
		CDEBF0A057216E82EAE40CCE /* Pods_SimplePOSTests.framework */ = {isa = PBXFileReference; explicitFileType = wrapper.framework; includeInIndex = 0; path = Pods_SimplePOSTests.framework; sourceTree = BUILT_PRODUCTS_DIR; };
		D8B12F8ECB6D48D4939A84B9 /* Pods-SimplePOSTests.debug.xcconfig */ = {isa = PBXFileReference; includeInIndex = 1; lastKnownFileType = text.xcconfig; name = "Pods-SimplePOSTests.debug.xcconfig"; path = "Target Support Files/Pods-SimplePOSTests/Pods-SimplePOSTests.debug.xcconfig"; sourceTree = "<group>"; };
		E3682D0EBE3AA4D379BF54F8 /* Pods-SimplePOS.release.xcconfig */ = {isa = PBXFileReference; includeInIndex = 1; lastKnownFileType = text.xcconfig; name = "Pods-SimplePOS.release.xcconfig"; path = "Target Support Files/Pods-SimplePOS/Pods-SimplePOS.release.xcconfig"; sourceTree = "<group>"; };
/* End PBXFileReference section */

/* Begin PBXFrameworksBuildPhase section */
		9B064B79254C1A15009A89E5 /* Frameworks */ = {
			isa = PBXFrameworksBuildPhase;
			buildActionMask = 2147483647;
			files = (
				97C2455B573936D8615CFC02 /* Pods_SimplePOS.framework in Frameworks */,
			);
			runOnlyForDeploymentPostprocessing = 0;
		};
		9B064B8F254C1A16009A89E5 /* Frameworks */ = {
			isa = PBXFrameworksBuildPhase;
			buildActionMask = 2147483647;
			files = (
				C557ACE8AE62CA243D856295 /* Pods_SimplePOSTests.framework in Frameworks */,
			);
			runOnlyForDeploymentPostprocessing = 0;
		};
		9B064B9A254C1A16009A89E5 /* Frameworks */ = {
			isa = PBXFrameworksBuildPhase;
			buildActionMask = 2147483647;
			files = (
				B54F9EF158BED52E4043E645 /* Pods_SimplePOS_SimplePOSUITests.framework in Frameworks */,
			);
			runOnlyForDeploymentPostprocessing = 0;
		};
/* End PBXFrameworksBuildPhase section */

/* Begin PBXGroup section */
		755E2025587799319E0563E2 /* Frameworks */ = {
			isa = PBXGroup;
			children = (
				7D390670836B4F793298A75E /* Pods_SimplePOS.framework */,
				1A7374CF313877A19F9FDE54 /* Pods_SimplePOS_SimplePOSUITests.framework */,
				CDEBF0A057216E82EAE40CCE /* Pods_SimplePOSTests.framework */,
			);
			name = Frameworks;
			sourceTree = "<group>";
		};
		9B064B73254C1A15009A89E5 = {
			isa = PBXGroup;
			children = (
				9B064B7E254C1A15009A89E5 /* SimplePOS */,
				9B064B95254C1A16009A89E5 /* SimplePOSTests */,
				9B064BA0254C1A16009A89E5 /* SimplePOSUITests */,
				9B064B7D254C1A15009A89E5 /* Products */,
				E320D79D9AD67E4C7BA6B22C /* Pods */,
				755E2025587799319E0563E2 /* Frameworks */,
			);
			sourceTree = "<group>";
		};
		9B064B7D254C1A15009A89E5 /* Products */ = {
			isa = PBXGroup;
			children = (
				9B064B7C254C1A15009A89E5 /* SimplePOS.app */,
				9B064B92254C1A16009A89E5 /* SimplePOSTests.xctest */,
				9B064B9D254C1A16009A89E5 /* SimplePOSUITests.xctest */,
			);
			name = Products;
			sourceTree = "<group>";
		};
		9B064B7E254C1A15009A89E5 /* SimplePOS */ = {
			isa = PBXGroup;
			children = (
				9B8A2385254EF62C0048E9BB /* Entity */,
				9B064B7F254C1A15009A89E5 /* AppDelegate.swift */,
				9B064B81254C1A15009A89E5 /* SceneDelegate.swift */,
				9B064B83254C1A15009A89E5 /* HomeMasterDetailController.swift */,
				9B064B85254C1A15009A89E5 /* Main.storyboard */,
				9B064B88254C1A16009A89E5 /* Assets.xcassets */,
				9B064B8A254C1A16009A89E5 /* LaunchScreen.storyboard */,
				9B064B8D254C1A16009A89E5 /* Info.plist */,
				9B064BAF254C1AB1009A89E5 /* MasterViewController.swift */,
				9B064BB0254C1AB1009A89E5 /* MasterViewController.xib */,
				9B064BB3254C1AC3009A89E5 /* DetailViewController.swift */,
				9B064BB4254C1AC3009A89E5 /* DetailViewController.xib */,
				9B160052254D2CA5004804AC /* LoginViewController.swift */,
				9B160053254D2CA5004804AC /* LoginViewController.xib */,
				9BFF4918254DB94C003C52C2 /* DetailitemViewCell.swift */,
				9BFF4919254DB94C003C52C2 /* DetailitemViewCell.xib */,
				9B8A238A254F00560048E9BB /* MasterItemViewCell.swift */,
				9B8A238B254F00560048E9BB /* MasterItemViewCell.xib */,
				9B0A0A45254FB26B0097F089 /* MasterFooterItemViewCell.swift */,
				9B0A0A46254FB26B0097F089 /* MasterFooterItemViewCell.xib */,
				9BB23EC82AD8FD0E00798346 /* POSDataModel.xcdatamodeld */,
			);
			path = SimplePOS;
			sourceTree = "<group>";
		};
		9B064B95254C1A16009A89E5 /* SimplePOSTests */ = {
			isa = PBXGroup;
			children = (
				9B064B96254C1A16009A89E5 /* SimplePOSTests.swift */,
				9B064B98254C1A16009A89E5 /* Info.plist */,
			);
			path = SimplePOSTests;
			sourceTree = "<group>";
		};
		9B064BA0254C1A16009A89E5 /* SimplePOSUITests */ = {
			isa = PBXGroup;
			children = (
				9B064BA1254C1A16009A89E5 /* SimplePOSUITests.swift */,
				9B064BA3254C1A16009A89E5 /* Info.plist */,
			);
			path = SimplePOSUITests;
			sourceTree = "<group>";
		};
		9B8A2385254EF62C0048E9BB /* Entity */ = {
			isa = PBXGroup;
			children = (
				9B8A2386254EF6660048E9BB /* FoodMenus.swift */,
				9B8A2388254EFD890048E9BB /* FoodMenuSelected.swift */,
			);
			path = Entity;
			sourceTree = "<group>";
		};
		E320D79D9AD67E4C7BA6B22C /* Pods */ = {
			isa = PBXGroup;
			children = (
				45A2FD3B4310E8194ED7FB58 /* Pods-SimplePOS.debug.xcconfig */,
				E3682D0EBE3AA4D379BF54F8 /* Pods-SimplePOS.release.xcconfig */,
				03512AFF04A070F9416BD7AA /* Pods-SimplePOS-SimplePOSUITests.debug.xcconfig */,
				87495CFA76450E96968F5ED8 /* Pods-SimplePOS-SimplePOSUITests.release.xcconfig */,
				D8B12F8ECB6D48D4939A84B9 /* Pods-SimplePOSTests.debug.xcconfig */,
				63843D98420B0ABF70C22E7B /* Pods-SimplePOSTests.release.xcconfig */,
			);
			path = Pods;
			sourceTree = "<group>";
		};
/* End PBXGroup section */

/* Begin PBXNativeTarget section */
		9B064B7B254C1A15009A89E5 /* SimplePOS */ = {
			isa = PBXNativeTarget;
			buildConfigurationList = 9B064BA6254C1A16009A89E5 /* Build configuration list for PBXNativeTarget "SimplePOS" */;
			buildPhases = (
				EEC90ADF898017D140003862 /* [CP] Check Pods Manifest.lock */,
				9B064B78254C1A15009A89E5 /* Sources */,
				9B064B79254C1A15009A89E5 /* Frameworks */,
				9B064B7A254C1A15009A89E5 /* Resources */,
				8E2D610DCB2CFA7076026A16 /* [CP] Embed Pods Frameworks */,
			);
			buildRules = (
			);
			dependencies = (
			);
			name = SimplePOS;
			productName = SimplePOS;
			productReference = 9B064B7C254C1A15009A89E5 /* SimplePOS.app */;
			productType = "com.apple.product-type.application";
		};
		9B064B91254C1A16009A89E5 /* SimplePOSTests */ = {
			isa = PBXNativeTarget;
			buildConfigurationList = 9B064BA9254C1A16009A89E5 /* Build configuration list for PBXNativeTarget "SimplePOSTests" */;
			buildPhases = (
				87F349F61828FACE8B77A1CA /* [CP] Check Pods Manifest.lock */,
				9B064B8E254C1A16009A89E5 /* Sources */,
				9B064B8F254C1A16009A89E5 /* Frameworks */,
				9B064B90254C1A16009A89E5 /* Resources */,
			);
			buildRules = (
			);
			dependencies = (
				9B064B94254C1A16009A89E5 /* PBXTargetDependency */,
			);
			name = SimplePOSTests;
			productName = SimplePOSTests;
			productReference = 9B064B92254C1A16009A89E5 /* SimplePOSTests.xctest */;
			productType = "com.apple.product-type.bundle.unit-test";
		};
		9B064B9C254C1A16009A89E5 /* SimplePOSUITests */ = {
			isa = PBXNativeTarget;
			buildConfigurationList = 9B064BAC254C1A16009A89E5 /* Build configuration list for PBXNativeTarget "SimplePOSUITests" */;
			buildPhases = (
				51F810F96D38F9D6B7DA8B61 /* [CP] Check Pods Manifest.lock */,
				9B064B99254C1A16009A89E5 /* Sources */,
				9B064B9A254C1A16009A89E5 /* Frameworks */,
				9B064B9B254C1A16009A89E5 /* Resources */,
				632284E7CA0D01C07E422892 /* [CP] Embed Pods Frameworks */,
			);
			buildRules = (
			);
			dependencies = (
				9B064B9F254C1A16009A89E5 /* PBXTargetDependency */,
			);
			name = SimplePOSUITests;
			productName = SimplePOSUITests;
			productReference = 9B064B9D254C1A16009A89E5 /* SimplePOSUITests.xctest */;
			productType = "com.apple.product-type.bundle.ui-testing";
		};
/* End PBXNativeTarget section */

/* Begin PBXProject section */
		9B064B74254C1A15009A89E5 /* Project object */ = {
			isa = PBXProject;
			attributes = {
				LastSwiftUpdateCheck = 1170;
				LastUpgradeCheck = 1170;
				ORGANIZATIONNAME = "Reinhart Simanjuntak";
				TargetAttributes = {
					9B064B7B254C1A15009A89E5 = {
						CreatedOnToolsVersion = 11.7;
					};
					9B064B91254C1A16009A89E5 = {
						CreatedOnToolsVersion = 11.7;
						TestTargetID = 9B064B7B254C1A15009A89E5;
					};
					9B064B9C254C1A16009A89E5 = {
						CreatedOnToolsVersion = 11.7;
						TestTargetID = 9B064B7B254C1A15009A89E5;
					};
				};
			};
			buildConfigurationList = 9B064B77254C1A15009A89E5 /* Build configuration list for PBXProject "SimplePOS" */;
			compatibilityVersion = "Xcode 9.3";
			developmentRegion = en;
			hasScannedForEncodings = 0;
			knownRegions = (
				en,
				Base,
			);
			mainGroup = 9B064B73254C1A15009A89E5;
			productRefGroup = 9B064B7D254C1A15009A89E5 /* Products */;
			projectDirPath = "";
			projectRoot = "";
			targets = (
				9B064B7B254C1A15009A89E5 /* SimplePOS */,
				9B064B91254C1A16009A89E5 /* SimplePOSTests */,
				9B064B9C254C1A16009A89E5 /* SimplePOSUITests */,
			);
		};
/* End PBXProject section */

/* Begin PBXResourcesBuildPhase section */
		9B064B7A254C1A15009A89E5 /* Resources */ = {
			isa = PBXResourcesBuildPhase;
			buildActionMask = 2147483647;
			files = (
				9B064BB2254C1AB1009A89E5 /* MasterViewController.xib in Resources */,
				9B0A0A48254FB26B0097F089 /* MasterFooterItemViewCell.xib in Resources */,
				9B064B8C254C1A16009A89E5 /* LaunchScreen.storyboard in Resources */,
				9BFF491B254DB94C003C52C2 /* DetailitemViewCell.xib in Resources */,
				9B160055254D2CA5004804AC /* LoginViewController.xib in Resources */,
				9B064BB6254C1AC3009A89E5 /* DetailViewController.xib in Resources */,
				9B8A238D254F00560048E9BB /* MasterItemViewCell.xib in Resources */,
				9B064B89254C1A16009A89E5 /* Assets.xcassets in Resources */,
				9B064B87254C1A15009A89E5 /* Main.storyboard in Resources */,
			);
			runOnlyForDeploymentPostprocessing = 0;
		};
		9B064B90254C1A16009A89E5 /* Resources */ = {
			isa = PBXResourcesBuildPhase;
			buildActionMask = 2147483647;
			files = (
			);
			runOnlyForDeploymentPostprocessing = 0;
		};
		9B064B9B254C1A16009A89E5 /* Resources */ = {
			isa = PBXResourcesBuildPhase;
			buildActionMask = 2147483647;
			files = (
			);
			runOnlyForDeploymentPostprocessing = 0;
		};
/* End PBXResourcesBuildPhase section */

/* Begin PBXShellScriptBuildPhase section */
		51F810F96D38F9D6B7DA8B61 /* [CP] Check Pods Manifest.lock */ = {
			isa = PBXShellScriptBuildPhase;
			buildActionMask = 2147483647;
			files = (
			);
			inputFileListPaths = (
			);
			inputPaths = (
				"${PODS_PODFILE_DIR_PATH}/Podfile.lock",
				"${PODS_ROOT}/Manifest.lock",
			);
			name = "[CP] Check Pods Manifest.lock";
			outputFileListPaths = (
			);
			outputPaths = (
				"$(DERIVED_FILE_DIR)/Pods-SimplePOS-SimplePOSUITests-checkManifestLockResult.txt",
			);
			runOnlyForDeploymentPostprocessing = 0;
			shellPath = /bin/sh;
			shellScript = "diff \"${PODS_PODFILE_DIR_PATH}/Podfile.lock\" \"${PODS_ROOT}/Manifest.lock\" > /dev/null\nif [ $? != 0 ] ; then\n    # print error to STDERR\n    echo \"error: The sandbox is not in sync with the Podfile.lock. Run 'pod install' or update your CocoaPods installation.\" >&2\n    exit 1\nfi\n# This output is used by Xcode 'outputs' to avoid re-running this script phase.\necho \"SUCCESS\" > \"${SCRIPT_OUTPUT_FILE_0}\"\n";
			showEnvVarsInLog = 0;
		};
		632284E7CA0D01C07E422892 /* [CP] Embed Pods Frameworks */ = {
			isa = PBXShellScriptBuildPhase;
			buildActionMask = 2147483647;
			files = (
			);
			inputFileListPaths = (
				"${PODS_ROOT}/Target Support Files/Pods-SimplePOS-SimplePOSUITests/Pods-SimplePOS-SimplePOSUITests-frameworks-${CONFIGURATION}-input-files.xcfilelist",
			);
			name = "[CP] Embed Pods Frameworks";
			outputFileListPaths = (
				"${PODS_ROOT}/Target Support Files/Pods-SimplePOS-SimplePOSUITests/Pods-SimplePOS-SimplePOSUITests-frameworks-${CONFIGURATION}-output-files.xcfilelist",
			);
			runOnlyForDeploymentPostprocessing = 0;
			shellPath = /bin/sh;
			shellScript = "\"${PODS_ROOT}/Target Support Files/Pods-SimplePOS-SimplePOSUITests/Pods-SimplePOS-SimplePOSUITests-frameworks.sh\"\n";
			showEnvVarsInLog = 0;
		};
		87F349F61828FACE8B77A1CA /* [CP] Check Pods Manifest.lock */ = {
			isa = PBXShellScriptBuildPhase;
			buildActionMask = 2147483647;
			files = (
			);
			inputFileListPaths = (
			);
			inputPaths = (
				"${PODS_PODFILE_DIR_PATH}/Podfile.lock",
				"${PODS_ROOT}/Manifest.lock",
			);
			name = "[CP] Check Pods Manifest.lock";
			outputFileListPaths = (
			);
			outputPaths = (
				"$(DERIVED_FILE_DIR)/Pods-SimplePOSTests-checkManifestLockResult.txt",
			);
			runOnlyForDeploymentPostprocessing = 0;
			shellPath = /bin/sh;
			shellScript = "diff \"${PODS_PODFILE_DIR_PATH}/Podfile.lock\" \"${PODS_ROOT}/Manifest.lock\" > /dev/null\nif [ $? != 0 ] ; then\n    # print error to STDERR\n    echo \"error: The sandbox is not in sync with the Podfile.lock. Run 'pod install' or update your CocoaPods installation.\" >&2\n    exit 1\nfi\n# This output is used by Xcode 'outputs' to avoid re-running this script phase.\necho \"SUCCESS\" > \"${SCRIPT_OUTPUT_FILE_0}\"\n";
			showEnvVarsInLog = 0;
		};
		8E2D610DCB2CFA7076026A16 /* [CP] Embed Pods Frameworks */ = {
			isa = PBXShellScriptBuildPhase;
			buildActionMask = 2147483647;
			files = (
			);
			inputFileListPaths = (
				"${PODS_ROOT}/Target Support Files/Pods-SimplePOS/Pods-SimplePOS-frameworks-${CONFIGURATION}-input-files.xcfilelist",
			);
			name = "[CP] Embed Pods Frameworks";
			outputFileListPaths = (
				"${PODS_ROOT}/Target Support Files/Pods-SimplePOS/Pods-SimplePOS-frameworks-${CONFIGURATION}-output-files.xcfilelist",
			);
			runOnlyForDeploymentPostprocessing = 0;
			shellPath = /bin/sh;
			shellScript = "\"${PODS_ROOT}/Target Support Files/Pods-SimplePOS/Pods-SimplePOS-frameworks.sh\"\n";
			showEnvVarsInLog = 0;
		};
		EEC90ADF898017D140003862 /* [CP] Check Pods Manifest.lock */ = {
			isa = PBXShellScriptBuildPhase;
			buildActionMask = 2147483647;
			files = (
			);
			inputFileListPaths = (
			);
			inputPaths = (
				"${PODS_PODFILE_DIR_PATH}/Podfile.lock",
				"${PODS_ROOT}/Manifest.lock",
			);
			name = "[CP] Check Pods Manifest.lock";
			outputFileListPaths = (
			);
			outputPaths = (
				"$(DERIVED_FILE_DIR)/Pods-SimplePOS-checkManifestLockResult.txt",
			);
			runOnlyForDeploymentPostprocessing = 0;
			shellPath = /bin/sh;
			shellScript = "diff \"${PODS_PODFILE_DIR_PATH}/Podfile.lock\" \"${PODS_ROOT}/Manifest.lock\" > /dev/null\nif [ $? != 0 ] ; then\n    # print error to STDERR\n    echo \"error: The sandbox is not in sync with the Podfile.lock. Run 'pod install' or update your CocoaPods installation.\" >&2\n    exit 1\nfi\n# This output is used by Xcode 'outputs' to avoid re-running this script phase.\necho \"SUCCESS\" > \"${SCRIPT_OUTPUT_FILE_0}\"\n";
			showEnvVarsInLog = 0;
		};
/* End PBXShellScriptBuildPhase section */

/* Begin PBXSourcesBuildPhase section */
		9B064B78254C1A15009A89E5 /* Sources */ = {
			isa = PBXSourcesBuildPhase;
			buildActionMask = 2147483647;
			files = (
				9B160054254D2CA5004804AC /* LoginViewController.swift in Sources */,
				9B064BB1254C1AB1009A89E5 /* MasterViewController.swift in Sources */,
				9B8A2387254EF6660048E9BB /* FoodMenus.swift in Sources */,
				9B8A238C254F00560048E9BB /* MasterItemViewCell.swift in Sources */,
				9B064B84254C1A15009A89E5 /* HomeMasterDetailController.swift in Sources */,
				9B064BB5254C1AC3009A89E5 /* DetailViewController.swift in Sources */,
				9BB23ECA2AD8FD0E00798346 /* POSDataModel.xcdatamodeld in Sources */,
				9B0A0A47254FB26B0097F089 /* MasterFooterItemViewCell.swift in Sources */,
				9B8A2389254EFD890048E9BB /* FoodMenuSelected.swift in Sources */,
				9B064B80254C1A15009A89E5 /* AppDelegate.swift in Sources */,
				9B064B82254C1A15009A89E5 /* SceneDelegate.swift in Sources */,
				9BFF491A254DB94C003C52C2 /* DetailitemViewCell.swift in Sources */,
			);
			runOnlyForDeploymentPostprocessing = 0;
		};
		9B064B8E254C1A16009A89E5 /* Sources */ = {
			isa = PBXSourcesBuildPhase;
			buildActionMask = 2147483647;
			files = (
				9B064B97254C1A16009A89E5 /* SimplePOSTests.swift in Sources */,
			);
			runOnlyForDeploymentPostprocessing = 0;
		};
		9B064B99254C1A16009A89E5 /* Sources */ = {
			isa = PBXSourcesBuildPhase;
			buildActionMask = 2147483647;
			files = (
				9B064BA2254C1A16009A89E5 /* SimplePOSUITests.swift in Sources */,
			);
			runOnlyForDeploymentPostprocessing = 0;
		};
/* End PBXSourcesBuildPhase section */

/* Begin PBXTargetDependency section */
		9B064B94254C1A16009A89E5 /* PBXTargetDependency */ = {
			isa = PBXTargetDependency;
			target = 9B064B7B254C1A15009A89E5 /* SimplePOS */;
			targetProxy = 9B064B93254C1A16009A89E5 /* PBXContainerItemProxy */;
		};
		9B064B9F254C1A16009A89E5 /* PBXTargetDependency */ = {
			isa = PBXTargetDependency;
			target = 9B064B7B254C1A15009A89E5 /* SimplePOS */;
			targetProxy = 9B064B9E254C1A16009A89E5 /* PBXContainerItemProxy */;
		};
/* End PBXTargetDependency section */

/* Begin PBXVariantGroup section */
		9B064B85254C1A15009A89E5 /* Main.storyboard */ = {
			isa = PBXVariantGroup;
			children = (
				9B064B86254C1A15009A89E5 /* Base */,
			);
			name = Main.storyboard;
			sourceTree = "<group>";
		};
		9B064B8A254C1A16009A89E5 /* LaunchScreen.storyboard */ = {
			isa = PBXVariantGroup;
			children = (
				9B064B8B254C1A16009A89E5 /* Base */,
			);
			name = LaunchScreen.storyboard;
			sourceTree = "<group>";
		};
/* End PBXVariantGroup section */

/* Begin XCBuildConfiguration section */
		9B064BA4254C1A16009A89E5 /* Debug */ = {
			isa = XCBuildConfiguration;
			buildSettings = {
				ALWAYS_SEARCH_USER_PATHS = NO;
				CLANG_ANALYZER_NONNULL = YES;
				CLANG_ANALYZER_NUMBER_OBJECT_CONVERSION = YES_AGGRESSIVE;
				CLANG_CXX_LANGUAGE_STANDARD = "gnu++14";
				CLANG_CXX_LIBRARY = "libc++";
				CLANG_ENABLE_MODULES = YES;
				CLANG_ENABLE_OBJC_ARC = YES;
				CLANG_ENABLE_OBJC_WEAK = YES;
				CLANG_WARN_BLOCK_CAPTURE_AUTORELEASING = YES;
				CLANG_WARN_BOOL_CONVERSION = YES;
				CLANG_WARN_COMMA = YES;
				CLANG_WARN_CONSTANT_CONVERSION = YES;
				CLANG_WARN_DEPRECATED_OBJC_IMPLEMENTATIONS = YES;
				CLANG_WARN_DIRECT_OBJC_ISA_USAGE = YES_ERROR;
				CLANG_WARN_DOCUMENTATION_COMMENTS = YES;
				CLANG_WARN_EMPTY_BODY = YES;
				CLANG_WARN_ENUM_CONVERSION = YES;
				CLANG_WARN_INFINITE_RECURSION = YES;
				CLANG_WARN_INT_CONVERSION = YES;
				CLANG_WARN_NON_LITERAL_NULL_CONVERSION = YES;
				CLANG_WARN_OBJC_IMPLICIT_RETAIN_SELF = YES;
				CLANG_WARN_OBJC_LITERAL_CONVERSION = YES;
				CLANG_WARN_OBJC_ROOT_CLASS = YES_ERROR;
				CLANG_WARN_RANGE_LOOP_ANALYSIS = YES;
				CLANG_WARN_STRICT_PROTOTYPES = YES;
				CLANG_WARN_SUSPICIOUS_MOVE = YES;
				CLANG_WARN_UNGUARDED_AVAILABILITY = YES_AGGRESSIVE;
				CLANG_WARN_UNREACHABLE_CODE = YES;
				CLANG_WARN__DUPLICATE_METHOD_MATCH = YES;
				COPY_PHASE_STRIP = NO;
				DEBUG_INFORMATION_FORMAT = dwarf;
				ENABLE_STRICT_OBJC_MSGSEND = YES;
				ENABLE_TESTABILITY = YES;
				GCC_C_LANGUAGE_STANDARD = gnu11;
				GCC_DYNAMIC_NO_PIC = NO;
				GCC_NO_COMMON_BLOCKS = YES;
				GCC_OPTIMIZATION_LEVEL = 0;
				GCC_PREPROCESSOR_DEFINITIONS = (
					"DEBUG=1",
					"$(inherited)",
				);
				GCC_WARN_64_TO_32_BIT_CONVERSION = YES;
				GCC_WARN_ABOUT_RETURN_TYPE = YES_ERROR;
				GCC_WARN_UNDECLARED_SELECTOR = YES;
				GCC_WARN_UNINITIALIZED_AUTOS = YES_AGGRESSIVE;
				GCC_WARN_UNUSED_FUNCTION = YES;
				GCC_WARN_UNUSED_VARIABLE = YES;
				IPHONEOS_DEPLOYMENT_TARGET = 13.7;
				MTL_ENABLE_DEBUG_INFO = INCLUDE_SOURCE;
				MTL_FAST_MATH = YES;
				ONLY_ACTIVE_ARCH = YES;
				SDKROOT = iphoneos;
				SWIFT_ACTIVE_COMPILATION_CONDITIONS = DEBUG;
				SWIFT_OPTIMIZATION_LEVEL = "-Onone";
			};
			name = Debug;
		};
		9B064BA5254C1A16009A89E5 /* Release */ = {
			isa = XCBuildConfiguration;
			buildSettings = {
				ALWAYS_SEARCH_USER_PATHS = NO;
				CLANG_ANALYZER_NONNULL = YES;
				CLANG_ANALYZER_NUMBER_OBJECT_CONVERSION = YES_AGGRESSIVE;
				CLANG_CXX_LANGUAGE_STANDARD = "gnu++14";
				CLANG_CXX_LIBRARY = "libc++";
				CLANG_ENABLE_MODULES = YES;
				CLANG_ENABLE_OBJC_ARC = YES;
				CLANG_ENABLE_OBJC_WEAK = YES;
				CLANG_WARN_BLOCK_CAPTURE_AUTORELEASING = YES;
				CLANG_WARN_BOOL_CONVERSION = YES;
				CLANG_WARN_COMMA = YES;
				CLANG_WARN_CONSTANT_CONVERSION = YES;
				CLANG_WARN_DEPRECATED_OBJC_IMPLEMENTATIONS = YES;
				CLANG_WARN_DIRECT_OBJC_ISA_USAGE = YES_ERROR;
				CLANG_WARN_DOCUMENTATION_COMMENTS = YES;
				CLANG_WARN_EMPTY_BODY = YES;
				CLANG_WARN_ENUM_CONVERSION = YES;
				CLANG_WARN_INFINITE_RECURSION = YES;
				CLANG_WARN_INT_CONVERSION = YES;
				CLANG_WARN_NON_LITERAL_NULL_CONVERSION = YES;
				CLANG_WARN_OBJC_IMPLICIT_RETAIN_SELF = YES;
				CLANG_WARN_OBJC_LITERAL_CONVERSION = YES;
				CLANG_WARN_OBJC_ROOT_CLASS = YES_ERROR;
				CLANG_WARN_RANGE_LOOP_ANALYSIS = YES;
				CLANG_WARN_STRICT_PROTOTYPES = YES;
				CLANG_WARN_SUSPICIOUS_MOVE = YES;
				CLANG_WARN_UNGUARDED_AVAILABILITY = YES_AGGRESSIVE;
				CLANG_WARN_UNREACHABLE_CODE = YES;
				CLANG_WARN__DUPLICATE_METHOD_MATCH = YES;
				COPY_PHASE_STRIP = NO;
				DEBUG_INFORMATION_FORMAT = "dwarf-with-dsym";
				ENABLE_NS_ASSERTIONS = NO;
				ENABLE_STRICT_OBJC_MSGSEND = YES;
				GCC_C_LANGUAGE_STANDARD = gnu11;
				GCC_NO_COMMON_BLOCKS = YES;
				GCC_WARN_64_TO_32_BIT_CONVERSION = YES;
				GCC_WARN_ABOUT_RETURN_TYPE = YES_ERROR;
				GCC_WARN_UNDECLARED_SELECTOR = YES;
				GCC_WARN_UNINITIALIZED_AUTOS = YES_AGGRESSIVE;
				GCC_WARN_UNUSED_FUNCTION = YES;
				GCC_WARN_UNUSED_VARIABLE = YES;
				IPHONEOS_DEPLOYMENT_TARGET = 13.7;
				MTL_ENABLE_DEBUG_INFO = NO;
				MTL_FAST_MATH = YES;
				SDKROOT = iphoneos;
				SWIFT_COMPILATION_MODE = wholemodule;
				SWIFT_OPTIMIZATION_LEVEL = "-O";
				VALIDATE_PRODUCT = YES;
			};
			name = Release;
		};
		9B064BA7254C1A16009A89E5 /* Debug */ = {
			isa = XCBuildConfiguration;
			baseConfigurationReference = 45A2FD3B4310E8194ED7FB58 /* Pods-SimplePOS.debug.xcconfig */;
			buildSettings = {
				ASSETCATALOG_COMPILER_APPICON_NAME = AppIcon;
				CODE_SIGN_STYLE = Automatic;
				INFOPLIST_FILE = SimplePOS/Info.plist;
				LD_RUNPATH_SEARCH_PATHS = (
					"$(inherited)",
					"@executable_path/Frameworks",
				);
				PRODUCT_BUNDLE_IDENTIFIER = rei.SimplePOS;
				PRODUCT_NAME = "$(TARGET_NAME)";
				SWIFT_VERSION = 5.0;
				TARGETED_DEVICE_FAMILY = 2;
			};
			name = Debug;
		};
		9B064BA8254C1A16009A89E5 /* Release */ = {
			isa = XCBuildConfiguration;
			baseConfigurationReference = E3682D0EBE3AA4D379BF54F8 /* Pods-SimplePOS.release.xcconfig */;
			buildSettings = {
				ASSETCATALOG_COMPILER_APPICON_NAME = AppIcon;
				CODE_SIGN_STYLE = Automatic;
				INFOPLIST_FILE = SimplePOS/Info.plist;
				LD_RUNPATH_SEARCH_PATHS = (
					"$(inherited)",
					"@executable_path/Frameworks",
				);
				PRODUCT_BUNDLE_IDENTIFIER = rei.SimplePOS;
				PRODUCT_NAME = "$(TARGET_NAME)";
				SWIFT_VERSION = 5.0;
				TARGETED_DEVICE_FAMILY = 2;
			};
			name = Release;
		};
		9B064BAA254C1A16009A89E5 /* Debug */ = {
			isa = XCBuildConfiguration;
			baseConfigurationReference = D8B12F8ECB6D48D4939A84B9 /* Pods-SimplePOSTests.debug.xcconfig */;
			buildSettings = {
				ALWAYS_EMBED_SWIFT_STANDARD_LIBRARIES = YES;
				BUNDLE_LOADER = "$(TEST_HOST)";
				CODE_SIGN_STYLE = Automatic;
				INFOPLIST_FILE = SimplePOSTests/Info.plist;
				IPHONEOS_DEPLOYMENT_TARGET = 13.7;
				LD_RUNPATH_SEARCH_PATHS = (
					"$(inherited)",
					"@executable_path/Frameworks",
					"@loader_path/Frameworks",
				);
				PRODUCT_BUNDLE_IDENTIFIER = rei.SimplePOSTests;
				PRODUCT_NAME = "$(TARGET_NAME)";
				SWIFT_VERSION = 5.0;
				TARGETED_DEVICE_FAMILY = "1,2";
				TEST_HOST = "$(BUILT_PRODUCTS_DIR)/SimplePOS.app/SimplePOS";
			};
			name = Debug;
		};
		9B064BAB254C1A16009A89E5 /* Release */ = {
			isa = XCBuildConfiguration;
			baseConfigurationReference = 63843D98420B0ABF70C22E7B /* Pods-SimplePOSTests.release.xcconfig */;
			buildSettings = {
				ALWAYS_EMBED_SWIFT_STANDARD_LIBRARIES = YES;
				BUNDLE_LOADER = "$(TEST_HOST)";
				CODE_SIGN_STYLE = Automatic;
				INFOPLIST_FILE = SimplePOSTests/Info.plist;
				IPHONEOS_DEPLOYMENT_TARGET = 13.7;
				LD_RUNPATH_SEARCH_PATHS = (
					"$(inherited)",
					"@executable_path/Frameworks",
					"@loader_path/Frameworks",
				);
				PRODUCT_BUNDLE_IDENTIFIER = rei.SimplePOSTests;
				PRODUCT_NAME = "$(TARGET_NAME)";
				SWIFT_VERSION = 5.0;
				TARGETED_DEVICE_FAMILY = "1,2";
				TEST_HOST = "$(BUILT_PRODUCTS_DIR)/SimplePOS.app/SimplePOS";
			};
			name = Release;
		};
		9B064BAD254C1A16009A89E5 /* Debug */ = {
			isa = XCBuildConfiguration;
			baseConfigurationReference = 03512AFF04A070F9416BD7AA /* Pods-SimplePOS-SimplePOSUITests.debug.xcconfig */;
			buildSettings = {
				ALWAYS_EMBED_SWIFT_STANDARD_LIBRARIES = YES;
				CODE_SIGN_STYLE = Automatic;
				INFOPLIST_FILE = SimplePOSUITests/Info.plist;
				LD_RUNPATH_SEARCH_PATHS = (
					"$(inherited)",
					"@executable_path/Frameworks",
					"@loader_path/Frameworks",
				);
				PRODUCT_BUNDLE_IDENTIFIER = rei.SimplePOSUITests;
				PRODUCT_NAME = "$(TARGET_NAME)";
				SWIFT_VERSION = 5.0;
				TARGETED_DEVICE_FAMILY = "1,2";
				TEST_TARGET_NAME = SimplePOS;
			};
			name = Debug;
		};
		9B064BAE254C1A16009A89E5 /* Release */ = {
			isa = XCBuildConfiguration;
			baseConfigurationReference = 87495CFA76450E96968F5ED8 /* Pods-SimplePOS-SimplePOSUITests.release.xcconfig */;
			buildSettings = {
				ALWAYS_EMBED_SWIFT_STANDARD_LIBRARIES = YES;
				CODE_SIGN_STYLE = Automatic;
				INFOPLIST_FILE = SimplePOSUITests/Info.plist;
				LD_RUNPATH_SEARCH_PATHS = (
					"$(inherited)",
					"@executable_path/Frameworks",
					"@loader_path/Frameworks",
				);
				PRODUCT_BUNDLE_IDENTIFIER = rei.SimplePOSUITests;
				PRODUCT_NAME = "$(TARGET_NAME)";
				SWIFT_VERSION = 5.0;
				TARGETED_DEVICE_FAMILY = "1,2";
				TEST_TARGET_NAME = SimplePOS;
			};
			name = Release;
		};
/* End XCBuildConfiguration section */

/* Begin XCConfigurationList section */
		9B064B77254C1A15009A89E5 /* Build configuration list for PBXProject "SimplePOS" */ = {
			isa = XCConfigurationList;
			buildConfigurations = (
				9B064BA4254C1A16009A89E5 /* Debug */,
				9B064BA5254C1A16009A89E5 /* Release */,
			);
			defaultConfigurationIsVisible = 0;
			defaultConfigurationName = Release;
		};
		9B064BA6254C1A16009A89E5 /* Build configuration list for PBXNativeTarget "SimplePOS" */ = {
			isa = XCConfigurationList;
			buildConfigurations = (
				9B064BA7254C1A16009A89E5 /* Debug */,
				9B064BA8254C1A16009A89E5 /* Release */,
			);
			defaultConfigurationIsVisible = 0;
			defaultConfigurationName = Release;
		};
		9B064BA9254C1A16009A89E5 /* Build configuration list for PBXNativeTarget "SimplePOSTests" */ = {
			isa = XCConfigurationList;
			buildConfigurations = (
				9B064BAA254C1A16009A89E5 /* Debug */,
				9B064BAB254C1A16009A89E5 /* Release */,
			);
			defaultConfigurationIsVisible = 0;
			defaultConfigurationName = Release;
		};
		9B064BAC254C1A16009A89E5 /* Build configuration list for PBXNativeTarget "SimplePOSUITests" */ = {
			isa = XCConfigurationList;
			buildConfigurations = (
				9B064BAD254C1A16009A89E5 /* Debug */,
				9B064BAE254C1A16009A89E5 /* Release */,
			);
			defaultConfigurationIsVisible = 0;
			defaultConfigurationName = Release;
		};
/* End XCConfigurationList section */

/* Begin XCVersionGroup section */
		9BB23EC82AD8FD0E00798346 /* POSDataModel.xcdatamodeld */ = {
			isa = XCVersionGroup;
			children = (
				9BB23EC92AD8FD0E00798346 /* POSDataModel.xcdatamodel */,
			);
			currentVersion = 9BB23EC92AD8FD0E00798346 /* POSDataModel.xcdatamodel */;
			path = POSDataModel.xcdatamodeld;
			sourceTree = "<group>";
			versionGroupType = wrapper.xcdatamodel;
		};
/* End XCVersionGroup section */
	};
	rootObject = 9B064B74254C1A15009A89E5 /* Project object */;
}
